
Microsoft Visual Studio Solution File, Format Version 12.00
# Visual Studio Version 17
VisualStudioVersion = 17.1.32228.430
MinimumVisualStudioVersion = 10.0.40219.1
Project("{FAE04EC0-301F-11D3-BF4B-00C04F79EFBC}") = "App.Con", "App.Con\App.Con.csproj", "{65BF84D0-3119-43BA-BD73-76C8205EE3FE}"
EndProject
Global
	GlobalSection(SolutionConfigurationPlatforms) = preSolution
		Debug|Any CPU = Debug|Any CPU
		Release|Any CPU = Release|Any CPU
	EndGlobalSection
	GlobalSection(ProjectConfigurationPlatforms) = postSolution
		{65BF84D0-3119-43BA-BD73-76C8205EE3FE}.Debug|Any CPU.ActiveCfg = Debug|Any CPU
		{65BF84D0-3119-43BA-BD73-76C8205EE3FE}.Debug|Any CPU.Build.0 = Debug|Any CPU
		{65BF84D0-3119-43BA-BD73-76C8205EE3FE}.Release|Any CPU.ActiveCfg = Release|Any CPU
		{65BF84D0-3119-43BA-BD73-76C8205EE3FE}.Release|Any CPU.Build.0 = Release|Any CPU
	EndGlobalSection
	GlobalSection(SolutionProperties) = preSolution
		HideSolutionNode = FALSE
	EndGlobalSection
	GlobalSection(ExtensibilityGlobals) = postSolution
		SolutionGuid = {2DD626B7-DA2B-4E87-87D2-26F2DC1072A4}
	EndGlobalSection
EndGlobal
