
Microsoft Visual Studio Solution File, Format Version 12.00
# Visual Studio Version 17
VisualStudioVersion = 17.2.32519.379
MinimumVisualStudioVersion = 10.0.40219.1
Project("{FAE04EC0-301F-11D3-BF4B-00C04F79EFBC}") = "WebApp", "WebApp\WebApp.csproj", "{522F9924-330B-49A4-8EE4-6A474E8735C5}"
EndProject
Project("{FAE04EC0-301F-11D3-BF4B-00C04F79EFBC}") = "WebAppMVC", "..\WebAppMVC\WebAppMVC.csproj", "{CF534D41-85FC-458A-A845-41B50EDB39E4}"
EndProject
Global
	GlobalSection(SolutionConfigurationPlatforms) = preSolution
		Debug|Any CPU = Debug|Any CPU
		Release|Any CPU = Release|Any CPU
	EndGlobalSection
	GlobalSection(ProjectConfigurationPlatforms) = postSolution
		{522F9924-330B-49A4-8EE4-6A474E8735C5}.Debug|Any CPU.ActiveCfg = Debug|Any CPU
		{522F9924-330B-49A4-8EE4-6A474E8735C5}.Debug|Any CPU.Build.0 = Debug|Any CPU
		{522F9924-330B-49A4-8EE4-6A474E8735C5}.Release|Any CPU.ActiveCfg = Release|Any CPU
		{522F9924-330B-49A4-8EE4-6A474E8735C5}.Release|Any CPU.Build.0 = Release|Any CPU
		{CF534D41-85FC-458A-A845-41B50EDB39E4}.Debug|Any CPU.ActiveCfg = Debug|Any CPU
		{CF534D41-85FC-458A-A845-41B50EDB39E4}.Debug|Any CPU.Build.0 = Debug|Any CPU
		{CF534D41-85FC-458A-A845-41B50EDB39E4}.Release|Any CPU.ActiveCfg = Release|Any CPU
		{CF534D41-85FC-458A-A845-41B50EDB39E4}.Release|Any CPU.Build.0 = Release|Any CPU
	EndGlobalSection
	GlobalSection(SolutionProperties) = preSolution
		HideSolutionNode = FALSE
	EndGlobalSection
	GlobalSection(ExtensibilityGlobals) = postSolution
		SolutionGuid = {F21C5EC4-AC99-4C71-A24F-FC97BFB33524}
	EndGlobalSection
EndGlobal
